
Microsoft Visual Studio Solution File, Format Version 12.00
# Visual Studio Version 17
VisualStudioVersion = 17.2.32602.215
MinimumVisualStudioVersion = 10.0.40219.1
Project("{FAE04EC0-301F-11D3-BF4B-00C04F79EFBC}") = "CookBook.Web", "CookBook.Web.csproj", "{6E7F8D70-DD5D-495C-920D-D845B344BC23}"
EndProject
Global
	GlobalSection(SolutionConfigurationPlatforms) = preSolution
		Debug|Any CPU = Debug|Any CPU
		Release|Any CPU = Release|Any CPU
	EndGlobalSection
	GlobalSection(ProjectConfigurationPlatforms) = postSolution
		{6E7F8D70-DD5D-495C-920D-D845B344BC23}.Debug|Any CPU.ActiveCfg = Debug|Any CPU
		{6E7F8D70-DD5D-495C-920D-D845B344BC23}.Debug|Any CPU.Build.0 = Debug|Any CPU
		{6E7F8D70-DD5D-495C-920D-D845B344BC23}.Release|Any CPU.ActiveCfg = Release|Any CPU
		{6E7F8D70-DD5D-495C-920D-D845B344BC23}.Release|Any CPU.Build.0 = Release|Any CPU
	EndGlobalSection
	GlobalSection(SolutionProperties) = preSolution
		HideSolutionNode = FALSE
	EndGlobalSection
	GlobalSection(ExtensibilityGlobals) = postSolution
		SolutionGuid = {3D771E4D-9896-4E84-9AC8-4863DE58B6E7}
	EndGlobalSection
EndGlobal
